
Microsoft Visual Studio Solution File, Format Version 12.00
# Visual Studio Version 17
VisualStudioVersion = 17.0.31903.59
MinimumVisualStudioVersion = 10.0.40219.1
Project("{FAE04EC0-301F-11D3-BF4B-00C04F79EFBC}") = "auth_ecommerce", "auth_ecommerce\auth_ecommerce.csproj", "{57CCB184-CB3A-4E97-9267-9AE95A32E549}"
EndProject
Project("{FAE04EC0-301F-11D3-BF4B-00C04F79EFBC}") = "ecommerce_back", "ecommerce_back\ecommerce_back.csproj", "{D75A8D83-3B4F-41AA-A9A8-2F4942753D5F}"
EndProject
Global
	GlobalSection(SolutionConfigurationPlatforms) = preSolution
		Debug|Any CPU = Debug|Any CPU
		Release|Any CPU = Release|Any CPU
	EndGlobalSection
	GlobalSection(SolutionProperties) = preSolution
		HideSolutionNode = FALSE
	EndGlobalSection
	GlobalSection(ProjectConfigurationPlatforms) = postSolution
		{57CCB184-CB3A-4E97-9267-9AE95A32E549}.Debug|Any CPU.ActiveCfg = Debug|Any CPU
		{57CCB184-CB3A-4E97-9267-9AE95A32E549}.Debug|Any CPU.Build.0 = Debug|Any CPU
		{57CCB184-CB3A-4E97-9267-9AE95A32E549}.Release|Any CPU.ActiveCfg = Release|Any CPU
		{57CCB184-CB3A-4E97-9267-9AE95A32E549}.Release|Any CPU.Build.0 = Release|Any CPU
		{D75A8D83-3B4F-41AA-A9A8-2F4942753D5F}.Debug|Any CPU.ActiveCfg = Debug|Any CPU
		{D75A8D83-3B4F-41AA-A9A8-2F4942753D5F}.Debug|Any CPU.Build.0 = Debug|Any CPU
		{D75A8D83-3B4F-41AA-A9A8-2F4942753D5F}.Release|Any CPU.ActiveCfg = Release|Any CPU
		{D75A8D83-3B4F-41AA-A9A8-2F4942753D5F}.Release|Any CPU.Build.0 = Release|Any CPU
	EndGlobalSection
EndGlobal
